
Microsoft Visual Studio Solution File, Format Version 12.00
# Visual Studio Version 17
VisualStudioVersion = 17.0.31903.59
MinimumVisualStudioVersion = 10.0.40219.1
Project("{2150E333-8FDC-42A3-9474-1A3956D46DE8}") = "src", "src", "{26F49E49-C1CA-437B-821A-7B9E653D234A}"
EndProject
Project("{2150E333-8FDC-42A3-9474-1A3956D46DE8}") = "core", "core", "{74C76EA1-D295-447D-BD77-E0110519B03C}"
EndProject
Project("{9A19103F-16F7-4668-BE54-9A1E7A4F7556}") = "SportsStore.Core.Domain", "src\core\SportsStore.Core.Domain\SportsStore.Core.Domain.csproj", "{9810EF98-1B30-4577-8F35-7DFD095727C8}"
EndProject
Project("{9A19103F-16F7-4668-BE54-9A1E7A4F7556}") = "SportsStore.Core.Application", "src\core\SportsStore.Core.Application\SportsStore.Core.Application.csproj", "{1EDAF62A-788F-41F5-8A7F-2E56DB25E427}"
EndProject
Project("{2150E333-8FDC-42A3-9474-1A3956D46DE8}") = "tests", "tests", "{81454D07-6F3E-42C3-9453-43AF9ABD4B72}"
EndProject
Project("{9A19103F-16F7-4668-BE54-9A1E7A4F7556}") = "SportsStore.Core.Application.Tests", "tests\SportsStore.Core.Application.Tests\SportsStore.Core.Application.Tests.csproj", "{8C8F406D-9C77-4754-B0BC-8298D0EBD083}"
EndProject
Project("{2150E333-8FDC-42A3-9474-1A3956D46DE8}") = "infrastructure", "infrastructure", "{8250C1DD-B94E-4E4B-8305-EF20C3038756}"
EndProject
Project("{9A19103F-16F7-4668-BE54-9A1E7A4F7556}") = "SportsStore.Infrastructure.Persistence", "src\infrastructure\SportsStore.Infrastructure.Persistence\SportsStore.Infrastructure.Persistence.csproj", "{F7818962-585F-49F6-80D5-DA9997E55A76}"
EndProject
Project("{2150E333-8FDC-42A3-9474-1A3956D46DE8}") = "api", "api", "{7F29487F-8815-4D7A-B2CD-AD1606ACE326}"
EndProject
Project("{9A19103F-16F7-4668-BE54-9A1E7A4F7556}") = "SportsStore.Api", "src\api\SportsStore.Api\SportsStore.Api.csproj", "{BE056E1A-37C4-4E19-8F7A-F7FF554EA5BD}"
EndProject
Project("{2150E333-8FDC-42A3-9474-1A3956D46DE8}") = "ui", "ui", "{D98E08EB-796B-416D-80EA-F191E48C4415}"
EndProject
Project("{9A19103F-16F7-4668-BE54-9A1E7A4F7556}") = "SportsStore.MvcClient", "src\ui\SportsStore.MvcClient\SportsStore.MvcClient.csproj", "{92CBB297-701A-4401-8E8F-E726895491D7}"
EndProject
Global
	GlobalSection(SolutionConfigurationPlatforms) = preSolution
		Debug|Any CPU = Debug|Any CPU
		Debug|x64 = Debug|x64
		Debug|x86 = Debug|x86
		Release|Any CPU = Release|Any CPU
		Release|x64 = Release|x64
		Release|x86 = Release|x86
	EndGlobalSection
	GlobalSection(ProjectConfigurationPlatforms) = postSolution
		{9810EF98-1B30-4577-8F35-7DFD095727C8}.Debug|Any CPU.ActiveCfg = Debug|Any CPU
		{9810EF98-1B30-4577-8F35-7DFD095727C8}.Debug|Any CPU.Build.0 = Debug|Any CPU
		{9810EF98-1B30-4577-8F35-7DFD095727C8}.Debug|x64.ActiveCfg = Debug|Any CPU
		{9810EF98-1B30-4577-8F35-7DFD095727C8}.Debug|x64.Build.0 = Debug|Any CPU
		{9810EF98-1B30-4577-8F35-7DFD095727C8}.Debug|x86.ActiveCfg = Debug|Any CPU
		{9810EF98-1B30-4577-8F35-7DFD095727C8}.Debug|x86.Build.0 = Debug|Any CPU
		{9810EF98-1B30-4577-8F35-7DFD095727C8}.Release|Any CPU.ActiveCfg = Release|Any CPU
		{9810EF98-1B30-4577-8F35-7DFD095727C8}.Release|Any CPU.Build.0 = Release|Any CPU
		{9810EF98-1B30-4577-8F35-7DFD095727C8}.Release|x64.ActiveCfg = Release|Any CPU
		{9810EF98-1B30-4577-8F35-7DFD095727C8}.Release|x64.Build.0 = Release|Any CPU
		{9810EF98-1B30-4577-8F35-7DFD095727C8}.Release|x86.ActiveCfg = Release|Any CPU
		{9810EF98-1B30-4577-8F35-7DFD095727C8}.Release|x86.Build.0 = Release|Any CPU
		{1EDAF62A-788F-41F5-8A7F-2E56DB25E427}.Debug|Any CPU.ActiveCfg = Debug|Any CPU
		{1EDAF62A-788F-41F5-8A7F-2E56DB25E427}.Debug|Any CPU.Build.0 = Debug|Any CPU
		{1EDAF62A-788F-41F5-8A7F-2E56DB25E427}.Debug|x64.ActiveCfg = Debug|Any CPU
		{1EDAF62A-788F-41F5-8A7F-2E56DB25E427}.Debug|x64.Build.0 = Debug|Any CPU
		{1EDAF62A-788F-41F5-8A7F-2E56DB25E427}.Debug|x86.ActiveCfg = Debug|Any CPU
		{1EDAF62A-788F-41F5-8A7F-2E56DB25E427}.Debug|x86.Build.0 = Debug|Any CPU
		{1EDAF62A-788F-41F5-8A7F-2E56DB25E427}.Release|Any CPU.ActiveCfg = Release|Any CPU
		{1EDAF62A-788F-41F5-8A7F-2E56DB25E427}.Release|Any CPU.Build.0 = Release|Any CPU
		{1EDAF62A-788F-41F5-8A7F-2E56DB25E427}.Release|x64.ActiveCfg = Release|Any CPU
		{1EDAF62A-788F-41F5-8A7F-2E56DB25E427}.Release|x64.Build.0 = Release|Any CPU
		{1EDAF62A-788F-41F5-8A7F-2E56DB25E427}.Release|x86.ActiveCfg = Release|Any CPU
		{1EDAF62A-788F-41F5-8A7F-2E56DB25E427}.Release|x86.Build.0 = Release|Any CPU
		{8C8F406D-9C77-4754-B0BC-8298D0EBD083}.Debug|Any CPU.ActiveCfg = Debug|Any CPU
		{8C8F406D-9C77-4754-B0BC-8298D0EBD083}.Debug|Any CPU.Build.0 = Debug|Any CPU
		{8C8F406D-9C77-4754-B0BC-8298D0EBD083}.Debug|x64.ActiveCfg = Debug|Any CPU
		{8C8F406D-9C77-4754-B0BC-8298D0EBD083}.Debug|x64.Build.0 = Debug|Any CPU
		{8C8F406D-9C77-4754-B0BC-8298D0EBD083}.Debug|x86.ActiveCfg = Debug|Any CPU
		{8C8F406D-9C77-4754-B0BC-8298D0EBD083}.Debug|x86.Build.0 = Debug|Any CPU
		{8C8F406D-9C77-4754-B0BC-8298D0EBD083}.Release|Any CPU.ActiveCfg = Release|Any CPU
		{8C8F406D-9C77-4754-B0BC-8298D0EBD083}.Release|Any CPU.Build.0 = Release|Any CPU
		{8C8F406D-9C77-4754-B0BC-8298D0EBD083}.Release|x64.ActiveCfg = Release|Any CPU
		{8C8F406D-9C77-4754-B0BC-8298D0EBD083}.Release|x64.Build.0 = Release|Any CPU
		{8C8F406D-9C77-4754-B0BC-8298D0EBD083}.Release|x86.ActiveCfg = Release|Any CPU
		{8C8F406D-9C77-4754-B0BC-8298D0EBD083}.Release|x86.Build.0 = Release|Any CPU
		{F7818962-585F-49F6-80D5-DA9997E55A76}.Debug|Any CPU.ActiveCfg = Debug|Any CPU
		{F7818962-585F-49F6-80D5-DA9997E55A76}.Debug|Any CPU.Build.0 = Debug|Any CPU
		{F7818962-585F-49F6-80D5-DA9997E55A76}.Debug|x64.ActiveCfg = Debug|Any CPU
		{F7818962-585F-49F6-80D5-DA9997E55A76}.Debug|x64.Build.0 = Debug|Any CPU
		{F7818962-585F-49F6-80D5-DA9997E55A76}.Debug|x86.ActiveCfg = Debug|Any CPU
		{F7818962-585F-49F6-80D5-DA9997E55A76}.Debug|x86.Build.0 = Debug|Any CPU
		{F7818962-585F-49F6-80D5-DA9997E55A76}.Release|Any CPU.ActiveCfg = Release|Any CPU
		{F7818962-585F-49F6-80D5-DA9997E55A76}.Release|Any CPU.Build.0 = Release|Any CPU
		{F7818962-585F-49F6-80D5-DA9997E55A76}.Release|x64.ActiveCfg = Release|Any CPU
		{F7818962-585F-49F6-80D5-DA9997E55A76}.Release|x64.Build.0 = Release|Any CPU
		{F7818962-585F-49F6-80D5-DA9997E55A76}.Release|x86.ActiveCfg = Release|Any CPU
		{F7818962-585F-49F6-80D5-DA9997E55A76}.Release|x86.Build.0 = Release|Any CPU
		{BE056E1A-37C4-4E19-8F7A-F7FF554EA5BD}.Debug|Any CPU.ActiveCfg = Debug|Any CPU
		{BE056E1A-37C4-4E19-8F7A-F7FF554EA5BD}.Debug|Any CPU.Build.0 = Debug|Any CPU
		{BE056E1A-37C4-4E19-8F7A-F7FF554EA5BD}.Debug|x64.ActiveCfg = Debug|Any CPU
		{BE056E1A-37C4-4E19-8F7A-F7FF554EA5BD}.Debug|x64.Build.0 = Debug|Any CPU
		{BE056E1A-37C4-4E19-8F7A-F7FF554EA5BD}.Debug|x86.ActiveCfg = Debug|Any CPU
		{BE056E1A-37C4-4E19-8F7A-F7FF554EA5BD}.Debug|x86.Build.0 = Debug|Any CPU
		{BE056E1A-37C4-4E19-8F7A-F7FF554EA5BD}.Release|Any CPU.ActiveCfg = Release|Any CPU
		{BE056E1A-37C4-4E19-8F7A-F7FF554EA5BD}.Release|Any CPU.Build.0 = Release|Any CPU
		{BE056E1A-37C4-4E19-8F7A-F7FF554EA5BD}.Release|x64.ActiveCfg = Release|Any CPU
		{BE056E1A-37C4-4E19-8F7A-F7FF554EA5BD}.Release|x64.Build.0 = Release|Any CPU
		{BE056E1A-37C4-4E19-8F7A-F7FF554EA5BD}.Release|x86.ActiveCfg = Release|Any CPU
		{BE056E1A-37C4-4E19-8F7A-F7FF554EA5BD}.Release|x86.Build.0 = Release|Any CPU
		{92CBB297-701A-4401-8E8F-E726895491D7}.Debug|Any CPU.ActiveCfg = Debug|Any CPU
		{92CBB297-701A-4401-8E8F-E726895491D7}.Debug|Any CPU.Build.0 = Debug|Any CPU
		{92CBB297-701A-4401-8E8F-E726895491D7}.Debug|x64.ActiveCfg = Debug|Any CPU
		{92CBB297-701A-4401-8E8F-E726895491D7}.Debug|x64.Build.0 = Debug|Any CPU
		{92CBB297-701A-4401-8E8F-E726895491D7}.Debug|x86.ActiveCfg = Debug|Any CPU
		{92CBB297-701A-4401-8E8F-E726895491D7}.Debug|x86.Build.0 = Debug|Any CPU
		{92CBB297-701A-4401-8E8F-E726895491D7}.Release|Any CPU.ActiveCfg = Release|Any CPU
		{92CBB297-701A-4401-8E8F-E726895491D7}.Release|Any CPU.Build.0 = Release|Any CPU
		{92CBB297-701A-4401-8E8F-E726895491D7}.Release|x64.ActiveCfg = Release|Any CPU
		{92CBB297-701A-4401-8E8F-E726895491D7}.Release|x64.Build.0 = Release|Any CPU
		{92CBB297-701A-4401-8E8F-E726895491D7}.Release|x86.ActiveCfg = Release|Any CPU
		{92CBB297-701A-4401-8E8F-E726895491D7}.Release|x86.Build.0 = Release|Any CPU
	EndGlobalSection
	GlobalSection(SolutionProperties) = preSolution
		HideSolutionNode = FALSE
	EndGlobalSection
	GlobalSection(NestedProjects) = preSolution
		{74C76EA1-D295-447D-BD77-E0110519B03C} = {26F49E49-C1CA-437B-821A-7B9E653D234A}
		{9810EF98-1B30-4577-8F35-7DFD095727C8} = {74C76EA1-D295-447D-BD77-E0110519B03C}
		{1EDAF62A-788F-41F5-8A7F-2E56DB25E427} = {74C76EA1-D295-447D-BD77-E0110519B03C}
		{8C8F406D-9C77-4754-B0BC-8298D0EBD083} = {81454D07-6F3E-42C3-9453-43AF9ABD4B72}
		{8250C1DD-B94E-4E4B-8305-EF20C3038756} = {26F49E49-C1CA-437B-821A-7B9E653D234A}
		{F7818962-585F-49F6-80D5-DA9997E55A76} = {8250C1DD-B94E-4E4B-8305-EF20C3038756}
		{7F29487F-8815-4D7A-B2CD-AD1606ACE326} = {26F49E49-C1CA-437B-821A-7B9E653D234A}
		{BE056E1A-37C4-4E19-8F7A-F7FF554EA5BD} = {7F29487F-8815-4D7A-B2CD-AD1606ACE326}
		{D98E08EB-796B-416D-80EA-F191E48C4415} = {26F49E49-C1CA-437B-821A-7B9E653D234A}
		{92CBB297-701A-4401-8E8F-E726895491D7} = {D98E08EB-796B-416D-80EA-F191E48C4415}
	EndGlobalSection
	GlobalSection(ExtensibilityGlobals) = postSolution
		SolutionGuid = {CC2793B1-2CD8-4D7E-8E60-1A233CD8C001}
	EndGlobalSection
EndGlobal
